// !$*UTF8*$!
{
	archiveVersion = 1;
	classes = {
	};
	objectVersion = 46;
	objects = {

/* Begin PBXBuildFile section */
		77F725E41E649D6300A2C746 /* AppDelegate.swift in Sources */ = {isa = PBXBuildFile; fileRef = 77F725E31E649D6300A2C746 /* AppDelegate.swift */; };
		77F725E61E649D6300A2C746 /* ViewController.swift in Sources */ = {isa = PBXBuildFile; fileRef = 77F725E51E649D6300A2C746 /* ViewController.swift */; };
		77F725E91E649D6300A2C746 /* Main.storyboard in Resources */ = {isa = PBXBuildFile; fileRef = 77F725E71E649D6300A2C746 /* Main.storyboard */; };
		77F725EB1E649D6300A2C746 /* Assets.xcassets in Resources */ = {isa = PBXBuildFile; fileRef = 77F725EA1E649D6300A2C746 /* Assets.xcassets */; };
		77F725EE1E649D6300A2C746 /* LaunchScreen.storyboard in Resources */ = {isa = PBXBuildFile; fileRef = 77F725EC1E649D6300A2C746 /* LaunchScreen.storyboard */; };
		77F725F91E649D6400A2C746 /* PerniaUITests.swift in Sources */ = {isa = PBXBuildFile; fileRef = 77F725F81E649D6400A2C746 /* PerniaUITests.swift */; };
/* End PBXBuildFile section */

/* Begin PBXContainerItemProxy section */
		77F725F51E649D6400A2C746 /* PBXContainerItemProxy */ = {
			isa = PBXContainerItemProxy;
			containerPortal = 77F725D81E649D6300A2C746 /* Project object */;
			proxyType = 1;
			remoteGlobalIDString = 77F725DF1E649D6300A2C746;
			remoteInfo = Pernia;
		};
/* End PBXContainerItemProxy section */

/* Begin PBXFileReference section */
		77F725E01E649D6300A2C746 /* Pernia.app */ = {isa = PBXFileReference; explicitFileType = wrapper.application; includeInIndex = 0; path = Pernia.app; sourceTree = BUILT_PRODUCTS_DIR; };
		77F725E31E649D6300A2C746 /* AppDelegate.swift */ = {isa = PBXFileReference; lastKnownFileType = sourcecode.swift; path = AppDelegate.swift; sourceTree = "<group>"; };
		77F725E51E649D6300A2C746 /* ViewController.swift */ = {isa = PBXFileReference; lastKnownFileType = sourcecode.swift; path = ViewController.swift; sourceTree = "<group>"; };
		77F725E81E649D6300A2C746 /* Base */ = {isa = PBXFileReference; lastKnownFileType = file.storyboard; name = Base; path = Base.lproj/Main.storyboard; sourceTree = "<group>"; };
		77F725EA1E649D6300A2C746 /* Assets.xcassets */ = {isa = PBXFileReference; lastKnownFileType = folder.assetcatalog; path = Assets.xcassets; sourceTree = "<group>"; };
		77F725ED1E649D6300A2C746 /* Base */ = {isa = PBXFileReference; lastKnownFileType = file.storyboard; name = Base; path = Base.lproj/LaunchScreen.storyboard; sourceTree = "<group>"; };
		77F725EF1E649D6300A2C746 /* Info.plist */ = {isa = PBXFileReference; lastKnownFileType = text.plist.xml; path = Info.plist; sourceTree = "<group>"; };
		77F725F41E649D6400A2C746 /* PerniaUITests.xctest */ = {isa = PBXFileReference; explicitFileType = wrapper.cfbundle; includeInIndex = 0; path = PerniaUITests.xctest; sourceTree = BUILT_PRODUCTS_DIR; };
		77F725F81E649D6400A2C746 /* PerniaUITests.swift */ = {isa = PBXFileReference; lastKnownFileType = sourcecode.swift; path = PerniaUITests.swift; sourceTree = "<group>"; };
		77F725FA1E649D6400A2C746 /* Info.plist */ = {isa = PBXFileReference; lastKnownFileType = text.plist.xml; path = Info.plist; sourceTree = "<group>"; };
/* End PBXFileReference section */

/* Begin PBXFrameworksBuildPhase section */
		77F725DD1E649D6300A2C746 /* Frameworks */ = {
			isa = PBXFrameworksBuildPhase;
			buildActionMask = 2147483647;
			files = (
			);
			runOnlyForDeploymentPostprocessing = 0;
		};
		77F725F11E649D6400A2C746 /* Frameworks */ = {
			isa = PBXFrameworksBuildPhase;
			buildActionMask = 2147483647;
			files = (
			);
			runOnlyForDeploymentPostprocessing = 0;
		};
/* End PBXFrameworksBuildPhase section */

/* Begin PBXGroup section */
		77F725D71E649D6300A2C746 = {
			isa = PBXGroup;
			children = (
				77F725E21E649D6300A2C746 /* Pernia */,
				77F725F71E649D6400A2C746 /* PerniaUITests */,
				77F725E11E649D6300A2C746 /* Products */,
			);
			sourceTree = "<group>";
		};
		77F725E11E649D6300A2C746 /* Products */ = {
			isa = PBXGroup;
			children = (
				77F725E01E649D6300A2C746 /* Pernia.app */,
				77F725F41E649D6400A2C746 /* PerniaUITests.xctest */,
			);
			name = Products;
			sourceTree = "<group>";
		};
		77F725E21E649D6300A2C746 /* Pernia */ = {
			isa = PBXGroup;
			children = (
				77F725E31E649D6300A2C746 /* AppDelegate.swift */,
				77F725E51E649D6300A2C746 /* ViewController.swift */,
				77F725E71E649D6300A2C746 /* Main.storyboard */,
				77F725EA1E649D6300A2C746 /* Assets.xcassets */,
				77F725EC1E649D6300A2C746 /* LaunchScreen.storyboard */,
				77F725EF1E649D6300A2C746 /* Info.plist */,
			);
			path = Pernia;
			sourceTree = "<group>";
		};
		77F725F71E649D6400A2C746 /* PerniaUITests */ = {
			isa = PBXGroup;
			children = (
				77F725F81E649D6400A2C746 /* PerniaUITests.swift */,
				77F725FA1E649D6400A2C746 /* Info.plist */,
			);
			path = PerniaUITests;
			sourceTree = "<group>";
		};
/* End PBXGroup section */

/* Begin PBXNativeTarget section */
		77F725DF1E649D6300A2C746 /* Pernia */ = {
			isa = PBXNativeTarget;
			buildConfigurationList = 77F725FD1E649D6400A2C746 /* Build configuration list for PBXNativeTarget "Pernia" */;
			buildPhases = (
				77F725DC1E649D6300A2C746 /* Sources */,
				77F725DD1E649D6300A2C746 /* Frameworks */,
				77F725DE1E649D6300A2C746 /* Resources */,
			);
			buildRules = (
			);
			dependencies = (
			);
			name = Pernia;
			productName = Pernia;
			productReference = 77F725E01E649D6300A2C746 /* Pernia.app */;
			productType = "com.apple.product-type.application";
		};
		77F725F31E649D6400A2C746 /* PerniaUITests */ = {
			isa = PBXNativeTarget;
			buildConfigurationList = 77F726001E649D6400A2C746 /* Build configuration list for PBXNativeTarget "PerniaUITests" */;
			buildPhases = (
				77F725F01E649D6400A2C746 /* Sources */,
				77F725F11E649D6400A2C746 /* Frameworks */,
				77F725F21E649D6400A2C746 /* Resources */,
			);
			buildRules = (
			);
			dependencies = (
				77F725F61E649D6400A2C746 /* PBXTargetDependency */,
			);
			name = PerniaUITests;
			productName = PerniaUITests;
			productReference = 77F725F41E649D6400A2C746 /* PerniaUITests.xctest */;
			productType = "com.apple.product-type.bundle.ui-testing";
		};
/* End PBXNativeTarget section */

/* Begin PBXProject section */
		77F725D81E649D6300A2C746 /* Project object */ = {
			isa = PBXProject;
			attributes = {
				LastSwiftUpdateCheck = 0820;
				LastUpgradeCheck = 0820;
				ORGANIZATIONNAME = CoreTech;
				TargetAttributes = {
					77F725DF1E649D6300A2C746 = {
						CreatedOnToolsVersion = 8.2.1;
						DevelopmentTeam = 35MT2DLSF8;
						ProvisioningStyle = Automatic;
					};
					77F725F31E649D6400A2C746 = {
						CreatedOnToolsVersion = 8.2.1;
						DevelopmentTeam = 35MT2DLSF8;
						ProvisioningStyle = Automatic;
						TestTargetID = 77F725DF1E649D6300A2C746;
					};
				};
			};
			buildConfigurationList = 77F725DB1E649D6300A2C746 /* Build configuration list for PBXProject "Pernia" */;
			compatibilityVersion = "Xcode 3.2";
			developmentRegion = English;
			hasScannedForEncodings = 0;
			knownRegions = (
				en,
				Base,
			);
			mainGroup = 77F725D71E649D6300A2C746;
			productRefGroup = 77F725E11E649D6300A2C746 /* Products */;
			projectDirPath = "";
			projectRoot = "";
			targets = (
				77F725DF1E649D6300A2C746 /* Pernia */,
				77F725F31E649D6400A2C746 /* PerniaUITests */,
			);
		};
/* End PBXProject section */

/* Begin PBXResourcesBuildPhase section */
		77F725DE1E649D6300A2C746 /* Resources */ = {
			isa = PBXResourcesBuildPhase;
			buildActionMask = 2147483647;
			files = (
				77F725EE1E649D6300A2C746 /* LaunchScreen.storyboard in Resources */,
				77F725EB1E649D6300A2C746 /* Assets.xcassets in Resources */,
				77F725E91E649D6300A2C746 /* Main.storyboard in Resources */,
			);
			runOnlyForDeploymentPostprocessing = 0;
		};
		77F725F21E649D6400A2C746 /* Resources */ = {
			isa = PBXResourcesBuildPhase;
			buildActionMask = 2147483647;
			files = (
			);
			runOnlyForDeploymentPostprocessing = 0;
		};
/* End PBXResourcesBuildPhase section */

/* Begin PBXSourcesBuildPhase section */
		77F725DC1E649D6300A2C746 /* Sources */ = {
			isa = PBXSourcesBuildPhase;
			buildActionMask = 2147483647;
			files = (
				77F725E61E649D6300A2C746 /* ViewController.swift in Sources */,
				77F725E41E649D6300A2C746 /* AppDelegate.swift in Sources */,
			);
			runOnlyForDeploymentPostprocessing = 0;
		};
		77F725F01E649D6400A2C746 /* Sources */ = {
			isa = PBXSourcesBuildPhase;
			buildActionMask = 2147483647;
			files = (
				77F725F91E649D6400A2C746 /* PerniaUITests.swift in Sources */,
			);
			runOnlyForDeploymentPostprocessing = 0;
		};
/* End PBXSourcesBuildPhase section */

/* Begin PBXTargetDependency section */
		77F725F61E649D6400A2C746 /* PBXTargetDependency */ = {
			isa = PBXTargetDependency;
			target = 77F725DF1E649D6300A2C746 /* Pernia */;
			targetProxy = 77F725F51E649D6400A2C746 /* PBXContainerItemProxy */;
		};
/* End PBXTargetDependency section */

/* Begin PBXVariantGroup section */
		77F725E71E649D6300A2C746 /* Main.storyboard */ = {
			isa = PBXVariantGroup;
			children = (
				77F725E81E649D6300A2C746 /* Base */,
			);
			name = Main.storyboard;
			sourceTree = "<group>";
		};
		77F725EC1E649D6300A2C746 /* LaunchScreen.storyboard */ = {
			isa = PBXVariantGroup;
			children = (
				77F725ED1E649D6300A2C746 /* Base */,
			);
			name = LaunchScreen.storyboard;
			sourceTree = "<group>";
		};
/* End PBXVariantGroup section */

/* Begin XCBuildConfiguration section */
		77F725FB1E649D6400A2C746 /* Debug */ = {
			isa = XCBuildConfiguration;
			buildSettings = {
				ALWAYS_SEARCH_USER_PATHS = NO;
				CLANG_ANALYZER_NONNULL = YES;
				CLANG_CXX_LANGUAGE_STANDARD = "gnu++0x";
				CLANG_CXX_LIBRARY = "libc++";
				CLANG_ENABLE_MODULES = YES;
				CLANG_ENABLE_OBJC_ARC = YES;
				CLANG_WARN_BOOL_CONVERSION = YES;
				CLANG_WARN_CONSTANT_CONVERSION = YES;
				CLANG_WARN_DIRECT_OBJC_ISA_USAGE = YES_ERROR;
				CLANG_WARN_DOCUMENTATION_COMMENTS = YES;
				CLANG_WARN_EMPTY_BODY = YES;
				CLANG_WARN_ENUM_CONVERSION = YES;
				CLANG_WARN_INFINITE_RECURSION = YES;
				CLANG_WARN_INT_CONVERSION = YES;
				CLANG_WARN_OBJC_ROOT_CLASS = YES_ERROR;
				CLANG_WARN_SUSPICIOUS_MOVE = YES;
				CLANG_WARN_UNREACHABLE_CODE = YES;
				CLANG_WARN__DUPLICATE_METHOD_MATCH = YES;
				"CODE_SIGN_IDENTITY[sdk=iphoneos*]" = "iPhone Developer";
				COPY_PHASE_STRIP = NO;
				DEBUG_INFORMATION_FORMAT = dwarf;
				ENABLE_STRICT_OBJC_MSGSEND = YES;
				ENABLE_TESTABILITY = YES;
				GCC_C_LANGUAGE_STANDARD = gnu99;
				GCC_DYNAMIC_NO_PIC = NO;
				GCC_NO_COMMON_BLOCKS = YES;
				GCC_OPTIMIZATION_LEVEL = 0;
				GCC_PREPROCESSOR_DEFINITIONS = (
					"DEBUG=1",
					"$(inherited)",
				);
				GCC_WARN_64_TO_32_BIT_CONVERSION = YES;
				GCC_WARN_ABOUT_RETURN_TYPE = YES_ERROR;
				GCC_WARN_UNDECLARED_SELECTOR = YES;
				GCC_WARN_UNINITIALIZED_AUTOS = YES_AGGRESSIVE;
				GCC_WARN_UNUSED_FUNCTION = YES;
				GCC_WARN_UNUSED_VARIABLE = YES;
				IPHONEOS_DEPLOYMENT_TARGET = 10.2;
				MTL_ENABLE_DEBUG_INFO = YES;
				ONLY_ACTIVE_ARCH = YES;
				SDKROOT = iphoneos;
				SWIFT_ACTIVE_COMPILATION_CONDITIONS = DEBUG;
				SWIFT_OPTIMIZATION_LEVEL = "-Onone";
			};
			name = Debug;
		};
		77F725FC1E649D6400A2C746 /* Release */ = {
			isa = XCBuildConfiguration;
			buildSettings = {
				ALWAYS_SEARCH_USER_PATHS = NO;
				CLANG_ANALYZER_NONNULL = YES;
				CLANG_CXX_LANGUAGE_STANDARD = "gnu++0x";
				CLANG_CXX_LIBRARY = "libc++";
				CLANG_ENABLE_MODULES = YES;
				CLANG_ENABLE_OBJC_ARC = YES;
				CLANG_WARN_BOOL_CONVERSION = YES;
				CLANG_WARN_CONSTANT_CONVERSION = YES;
				CLANG_WARN_DIRECT_OBJC_ISA_USAGE = YES_ERROR;
				CLANG_WARN_DOCUMENTATION_COMMENTS = YES;
				CLANG_WARN_EMPTY_BODY = YES;
				CLANG_WARN_ENUM_CONVERSION = YES;
				CLANG_WARN_INFINITE_RECURSION = YES;
				CLANG_WARN_INT_CONVERSION = YES;
				CLANG_WARN_OBJC_ROOT_CLASS = YES_ERROR;
				CLANG_WARN_SUSPICIOUS_MOVE = YES;
				CLANG_WARN_UNREACHABLE_CODE = YES;
				CLANG_WARN__DUPLICATE_METHOD_MATCH = YES;
				"CODE_SIGN_IDENTITY[sdk=iphoneos*]" = "iPhone Developer";
				COPY_PHASE_STRIP = NO;
				DEBUG_INFORMATION_FORMAT = "dwarf-with-dsym";
				ENABLE_NS_ASSERTIONS = NO;
				ENABLE_STRICT_OBJC_MSGSEND = YES;
				GCC_C_LANGUAGE_STANDARD = gnu99;
				GCC_NO_COMMON_BLOCKS = YES;
				GCC_WARN_64_TO_32_BIT_CONVERSION = YES;
				GCC_WARN_ABOUT_RETURN_TYPE = YES_ERROR;
				GCC_WARN_UNDECLARED_SELECTOR = YES;
				GCC_WARN_UNINITIALIZED_AUTOS = YES_AGGRESSIVE;
				GCC_WARN_UNUSED_FUNCTION = YES;
				GCC_WARN_UNUSED_VARIABLE = YES;
				IPHONEOS_DEPLOYMENT_TARGET = 10.2;
				MTL_ENABLE_DEBUG_INFO = NO;
				SDKROOT = iphoneos;
				SWIFT_OPTIMIZATION_LEVEL = "-Owholemodule";
				VALIDATE_PRODUCT = YES;
			};
			name = Release;
		};
		77F725FE1E649D6400A2C746 /* Debug */ = {
			isa = XCBuildConfiguration;
			buildSettings = {
				ASSETCATALOG_COMPILER_APPICON_NAME = AppIcon;
				DEVELOPMENT_TEAM = 35MT2DLSF8;
				INFOPLIST_FILE = Pernia/Info.plist;
				LD_RUNPATH_SEARCH_PATHS = "$(inherited) @executable_path/Frameworks";
				PRODUCT_BUNDLE_IDENTIFIER = com.coretech.Pernia;
				PRODUCT_NAME = "$(TARGET_NAME)";
				SWIFT_VERSION = 3.0;
			};
			name = Debug;
		};
		77F725FF1E649D6400A2C746 /* Release */ = {
			isa = XCBuildConfiguration;
			buildSettings = {
				ASSETCATALOG_COMPILER_APPICON_NAME = AppIcon;
				DEVELOPMENT_TEAM = 35MT2DLSF8;
				INFOPLIST_FILE = Pernia/Info.plist;
				LD_RUNPATH_SEARCH_PATHS = "$(inherited) @executable_path/Frameworks";
				PRODUCT_BUNDLE_IDENTIFIER = com.coretech.Pernia;
				PRODUCT_NAME = "$(TARGET_NAME)";
				SWIFT_VERSION = 3.0;
			};
			name = Release;
		};
		77F726011E649D6400A2C746 /* Debug */ = {
			isa = XCBuildConfiguration;
			buildSettings = {
				ALWAYS_EMBED_SWIFT_STANDARD_LIBRARIES = YES;
				DEVELOPMENT_TEAM = 35MT2DLSF8;
				INFOPLIST_FILE = PerniaUITests/Info.plist;
				LD_RUNPATH_SEARCH_PATHS = "$(inherited) @executable_path/Frameworks @loader_path/Frameworks";
				PRODUCT_BUNDLE_IDENTIFIER = com.coretech.PerniaUITests;
				PRODUCT_NAME = "$(TARGET_NAME)";
				SWIFT_VERSION = 3.0;
				TEST_TARGET_NAME = Pernia;
			};
			name = Debug;
		};
		77F726021E649D6400A2C746 /* Release */ = {
			isa = XCBuildConfiguration;
			buildSettings = {
				ALWAYS_EMBED_SWIFT_STANDARD_LIBRARIES = YES;
				DEVELOPMENT_TEAM = 35MT2DLSF8;
				INFOPLIST_FILE = PerniaUITests/Info.plist;
				LD_RUNPATH_SEARCH_PATHS = "$(inherited) @executable_path/Frameworks @loader_path/Frameworks";
				PRODUCT_BUNDLE_IDENTIFIER = com.coretech.PerniaUITests;
				PRODUCT_NAME = "$(TARGET_NAME)";
				SWIFT_VERSION = 3.0;
				TEST_TARGET_NAME = Pernia;
			};
			name = Release;
		};
/* End XCBuildConfiguration section */

/* Begin XCConfigurationList section */
		77F725DB1E649D6300A2C746 /* Build configuration list for PBXProject "Pernia" */ = {
			isa = XCConfigurationList;
			buildConfigurations = (
				77F725FB1E649D6400A2C746 /* Debug */,
				77F725FC1E649D6400A2C746 /* Release */,
			);
			defaultConfigurationIsVisible = 0;
			defaultConfigurationName = Release;
		};
		77F725FD1E649D6400A2C746 /* Build configuration list for PBXNativeTarget "Pernia" */ = {
			isa = XCConfigurationList;
			buildConfigurations = (
				77F725FE1E649D6400A2C746 /* Debug */,
				77F725FF1E649D6400A2C746 /* Release */,
			);
			defaultConfigurationIsVisible = 0;
		};
		77F726001E649D6400A2C746 /* Build configuration list for PBXNativeTarget "PerniaUITests" */ = {
			isa = XCConfigurationList;
			buildConfigurations = (
				77F726011E649D6400A2C746 /* Debug */,
				77F726021E649D6400A2C746 /* Release */,
			);
			defaultConfigurationIsVisible = 0;
		};
/* End XCConfigurationList section */
	};
	rootObject = 77F725D81E649D6300A2C746 /* Project object */;
}
